// !$*UTF8*$!
{
	archiveVersion = 1;
	classes = {
	};
	objectVersion = 55;
	objects = {

/* Begin PBXBuildFile section */
		3EAC068E7B5FC5A823B053C9 /* Pods_TestClientSDk.framework in Frameworks */ = {isa = PBXBuildFile; fileRef = F8FBF1D3D8A02D02D21951C4 /* Pods_TestClientSDk.framework */; };
		48F8CA180E949A1FAF19CF76 /* Pods_TestClientSDkTests.framework in Frameworks */ = {isa = PBXBuildFile; fileRef = 6D57D5CD8B8F56B330CDC48C /* Pods_TestClientSDkTests.framework */; };
		97380A9A2816A6ED0043F460 /* AppDelegate.swift in Sources */ = {isa = PBXBuildFile; fileRef = 97380A992816A6ED0043F460 /* AppDelegate.swift */; };
		97380A9C2816A6ED0043F460 /* SceneDelegate.swift in Sources */ = {isa = PBXBuildFile; fileRef = 97380A9B2816A6ED0043F460 /* SceneDelegate.swift */; };
		97380A9E2816A6ED0043F460 /* ViewController.swift in Sources */ = {isa = PBXBuildFile; fileRef = 97380A9D2816A6ED0043F460 /* ViewController.swift */; };
		97380AA12816A6ED0043F460 /* Main.storyboard in Resources */ = {isa = PBXBuildFile; fileRef = 97380A9F2816A6ED0043F460 /* Main.storyboard */; };
		97380AA32816A6EE0043F460 /* Assets.xcassets in Resources */ = {isa = PBXBuildFile; fileRef = 97380AA22816A6EE0043F460 /* Assets.xcassets */; };
		97380AA62816A6EE0043F460 /* LaunchScreen.storyboard in Resources */ = {isa = PBXBuildFile; fileRef = 97380AA42816A6EE0043F460 /* LaunchScreen.storyboard */; };
		97380AB12816A6EE0043F460 /* TestClientSDkTests.swift in Sources */ = {isa = PBXBuildFile; fileRef = 97380AB02816A6EE0043F460 /* TestClientSDkTests.swift */; };
		97380ABB2816A6EE0043F460 /* TestClientSDkUITests.swift in Sources */ = {isa = PBXBuildFile; fileRef = 97380ABA2816A6EE0043F460 /* TestClientSDkUITests.swift */; };
		97380ABD2816A6EE0043F460 /* TestClientSDkUITestsLaunchTests.swift in Sources */ = {isa = PBXBuildFile; fileRef = 97380ABC2816A6EE0043F460 /* TestClientSDkUITestsLaunchTests.swift */; };
		9780652B2816C31500149E4B /* CallViewController.swift in Sources */ = {isa = PBXBuildFile; fileRef = 978065292816C31500149E4B /* CallViewController.swift */; };
		9780652C2816C31500149E4B /* CallViewController.xib in Resources */ = {isa = PBXBuildFile; fileRef = 9780652A2816C31500149E4B /* CallViewController.xib */; };
		FCD18DF377005A61774ED21A /* Pods_TestClientSDk_TestClientSDkUITests.framework in Frameworks */ = {isa = PBXBuildFile; fileRef = EFBD19135CF8623EB86AC74F /* Pods_TestClientSDk_TestClientSDkUITests.framework */; };
/* End PBXBuildFile section */

/* Begin PBXContainerItemProxy section */
		97380AAD2816A6EE0043F460 /* PBXContainerItemProxy */ = {
			isa = PBXContainerItemProxy;
			containerPortal = 97380A8E2816A6ED0043F460 /* Project object */;
			proxyType = 1;
			remoteGlobalIDString = 97380A952816A6ED0043F460;
			remoteInfo = TestClientSDk;
		};
		97380AB72816A6EE0043F460 /* PBXContainerItemProxy */ = {
			isa = PBXContainerItemProxy;
			containerPortal = 97380A8E2816A6ED0043F460 /* Project object */;
			proxyType = 1;
			remoteGlobalIDString = 97380A952816A6ED0043F460;
			remoteInfo = TestClientSDk;
		};
/* End PBXContainerItemProxy section */

/* Begin PBXFileReference section */
		2D40FB94170CDE525F2559C6 /* Pods-TestClientSDk-TestClientSDkUITests.release.xcconfig */ = {isa = PBXFileReference; includeInIndex = 1; lastKnownFileType = text.xcconfig; name = "Pods-TestClientSDk-TestClientSDkUITests.release.xcconfig"; path = "Target Support Files/Pods-TestClientSDk-TestClientSDkUITests/Pods-TestClientSDk-TestClientSDkUITests.release.xcconfig"; sourceTree = "<group>"; };
		6D57D5CD8B8F56B330CDC48C /* Pods_TestClientSDkTests.framework */ = {isa = PBXFileReference; explicitFileType = wrapper.framework; includeInIndex = 0; path = Pods_TestClientSDkTests.framework; sourceTree = BUILT_PRODUCTS_DIR; };
		762E9DB0C0B3C7C5D860F9F1 /* Pods-TestClientSDkTests.release.xcconfig */ = {isa = PBXFileReference; includeInIndex = 1; lastKnownFileType = text.xcconfig; name = "Pods-TestClientSDkTests.release.xcconfig"; path = "Target Support Files/Pods-TestClientSDkTests/Pods-TestClientSDkTests.release.xcconfig"; sourceTree = "<group>"; };
		77DEF66259CC87AB183E8F27 /* Pods-TestClientSDk.debug.xcconfig */ = {isa = PBXFileReference; includeInIndex = 1; lastKnownFileType = text.xcconfig; name = "Pods-TestClientSDk.debug.xcconfig"; path = "Target Support Files/Pods-TestClientSDk/Pods-TestClientSDk.debug.xcconfig"; sourceTree = "<group>"; };
		7B39583A44A15C8791587F01 /* Pods-TestClientSDk-TestClientSDkUITests.debug.xcconfig */ = {isa = PBXFileReference; includeInIndex = 1; lastKnownFileType = text.xcconfig; name = "Pods-TestClientSDk-TestClientSDkUITests.debug.xcconfig"; path = "Target Support Files/Pods-TestClientSDk-TestClientSDkUITests/Pods-TestClientSDk-TestClientSDkUITests.debug.xcconfig"; sourceTree = "<group>"; };
		82366B68D45C1AE9007347CB /* Pods-TestClientSDk.release.xcconfig */ = {isa = PBXFileReference; includeInIndex = 1; lastKnownFileType = text.xcconfig; name = "Pods-TestClientSDk.release.xcconfig"; path = "Target Support Files/Pods-TestClientSDk/Pods-TestClientSDk.release.xcconfig"; sourceTree = "<group>"; };
		97380A962816A6ED0043F460 /* TestClientSDk.app */ = {isa = PBXFileReference; explicitFileType = wrapper.application; includeInIndex = 0; path = TestClientSDk.app; sourceTree = BUILT_PRODUCTS_DIR; };
		97380A992816A6ED0043F460 /* AppDelegate.swift */ = {isa = PBXFileReference; lastKnownFileType = sourcecode.swift; path = AppDelegate.swift; sourceTree = "<group>"; };
		97380A9B2816A6ED0043F460 /* SceneDelegate.swift */ = {isa = PBXFileReference; lastKnownFileType = sourcecode.swift; path = SceneDelegate.swift; sourceTree = "<group>"; };
		97380A9D2816A6ED0043F460 /* ViewController.swift */ = {isa = PBXFileReference; lastKnownFileType = sourcecode.swift; path = ViewController.swift; sourceTree = "<group>"; };
		97380AA02816A6ED0043F460 /* Base */ = {isa = PBXFileReference; lastKnownFileType = file.storyboard; name = Base; path = Base.lproj/Main.storyboard; sourceTree = "<group>"; };
		97380AA22816A6EE0043F460 /* Assets.xcassets */ = {isa = PBXFileReference; lastKnownFileType = folder.assetcatalog; path = Assets.xcassets; sourceTree = "<group>"; };
		97380AA52816A6EE0043F460 /* Base */ = {isa = PBXFileReference; lastKnownFileType = file.storyboard; name = Base; path = Base.lproj/LaunchScreen.storyboard; sourceTree = "<group>"; };
		97380AA72816A6EE0043F460 /* Info.plist */ = {isa = PBXFileReference; lastKnownFileType = text.plist.xml; path = Info.plist; sourceTree = "<group>"; };
		97380AAC2816A6EE0043F460 /* TestClientSDkTests.xctest */ = {isa = PBXFileReference; explicitFileType = wrapper.cfbundle; includeInIndex = 0; path = TestClientSDkTests.xctest; sourceTree = BUILT_PRODUCTS_DIR; };
		97380AB02816A6EE0043F460 /* TestClientSDkTests.swift */ = {isa = PBXFileReference; lastKnownFileType = sourcecode.swift; path = TestClientSDkTests.swift; sourceTree = "<group>"; };
		97380AB62816A6EE0043F460 /* TestClientSDkUITests.xctest */ = {isa = PBXFileReference; explicitFileType = wrapper.cfbundle; includeInIndex = 0; path = TestClientSDkUITests.xctest; sourceTree = BUILT_PRODUCTS_DIR; };
		97380ABA2816A6EE0043F460 /* TestClientSDkUITests.swift */ = {isa = PBXFileReference; lastKnownFileType = sourcecode.swift; path = TestClientSDkUITests.swift; sourceTree = "<group>"; };
		97380ABC2816A6EE0043F460 /* TestClientSDkUITestsLaunchTests.swift */ = {isa = PBXFileReference; lastKnownFileType = sourcecode.swift; path = TestClientSDkUITestsLaunchTests.swift; sourceTree = "<group>"; };
		978065292816C31500149E4B /* CallViewController.swift */ = {isa = PBXFileReference; lastKnownFileType = sourcecode.swift; path = CallViewController.swift; sourceTree = "<group>"; };
		9780652A2816C31500149E4B /* CallViewController.xib */ = {isa = PBXFileReference; lastKnownFileType = file.xib; path = CallViewController.xib; sourceTree = "<group>"; };
		E1119398D0A55565BD961809 /* Pods-TestClientSDkTests.debug.xcconfig */ = {isa = PBXFileReference; includeInIndex = 1; lastKnownFileType = text.xcconfig; name = "Pods-TestClientSDkTests.debug.xcconfig"; path = "Target Support Files/Pods-TestClientSDkTests/Pods-TestClientSDkTests.debug.xcconfig"; sourceTree = "<group>"; };
		EFBD19135CF8623EB86AC74F /* Pods_TestClientSDk_TestClientSDkUITests.framework */ = {isa = PBXFileReference; explicitFileType = wrapper.framework; includeInIndex = 0; path = Pods_TestClientSDk_TestClientSDkUITests.framework; sourceTree = BUILT_PRODUCTS_DIR; };
		F8FBF1D3D8A02D02D21951C4 /* Pods_TestClientSDk.framework */ = {isa = PBXFileReference; explicitFileType = wrapper.framework; includeInIndex = 0; path = Pods_TestClientSDk.framework; sourceTree = BUILT_PRODUCTS_DIR; };
/* End PBXFileReference section */

/* Begin PBXFrameworksBuildPhase section */
		97380A932816A6ED0043F460 /* Frameworks */ = {
			isa = PBXFrameworksBuildPhase;
			buildActionMask = 2147483647;
			files = (
				3EAC068E7B5FC5A823B053C9 /* Pods_TestClientSDk.framework in Frameworks */,
			);
			runOnlyForDeploymentPostprocessing = 0;
		};
		97380AA92816A6EE0043F460 /* Frameworks */ = {
			isa = PBXFrameworksBuildPhase;
			buildActionMask = 2147483647;
			files = (
				48F8CA180E949A1FAF19CF76 /* Pods_TestClientSDkTests.framework in Frameworks */,
			);
			runOnlyForDeploymentPostprocessing = 0;
		};
		97380AB32816A6EE0043F460 /* Frameworks */ = {
			isa = PBXFrameworksBuildPhase;
			buildActionMask = 2147483647;
			files = (
				FCD18DF377005A61774ED21A /* Pods_TestClientSDk_TestClientSDkUITests.framework in Frameworks */,
			);
			runOnlyForDeploymentPostprocessing = 0;
		};
/* End PBXFrameworksBuildPhase section */

/* Begin PBXGroup section */
		4745585890E233D49B11A13F /* Frameworks */ = {
			isa = PBXGroup;
			children = (
				F8FBF1D3D8A02D02D21951C4 /* Pods_TestClientSDk.framework */,
				EFBD19135CF8623EB86AC74F /* Pods_TestClientSDk_TestClientSDkUITests.framework */,
				6D57D5CD8B8F56B330CDC48C /* Pods_TestClientSDkTests.framework */,
			);
			name = Frameworks;
			sourceTree = "<group>";
		};
		6853454CEA25B362FC1ECC34 /* Pods */ = {
			isa = PBXGroup;
			children = (
				77DEF66259CC87AB183E8F27 /* Pods-TestClientSDk.debug.xcconfig */,
				82366B68D45C1AE9007347CB /* Pods-TestClientSDk.release.xcconfig */,
				7B39583A44A15C8791587F01 /* Pods-TestClientSDk-TestClientSDkUITests.debug.xcconfig */,
				2D40FB94170CDE525F2559C6 /* Pods-TestClientSDk-TestClientSDkUITests.release.xcconfig */,
				E1119398D0A55565BD961809 /* Pods-TestClientSDkTests.debug.xcconfig */,
				762E9DB0C0B3C7C5D860F9F1 /* Pods-TestClientSDkTests.release.xcconfig */,
			);
			path = Pods;
			sourceTree = "<group>";
		};
		97380A8D2816A6ED0043F460 = {
			isa = PBXGroup;
			children = (
				97380A982816A6ED0043F460 /* TestClientSDk */,
				97380AAF2816A6EE0043F460 /* TestClientSDkTests */,
				97380AB92816A6EE0043F460 /* TestClientSDkUITests */,
				97380A972816A6ED0043F460 /* Products */,
				6853454CEA25B362FC1ECC34 /* Pods */,
				4745585890E233D49B11A13F /* Frameworks */,
			);
			sourceTree = "<group>";
		};
		97380A972816A6ED0043F460 /* Products */ = {
			isa = PBXGroup;
			children = (
				97380A962816A6ED0043F460 /* TestClientSDk.app */,
				97380AAC2816A6EE0043F460 /* TestClientSDkTests.xctest */,
				97380AB62816A6EE0043F460 /* TestClientSDkUITests.xctest */,
			);
			name = Products;
			sourceTree = "<group>";
		};
		97380A982816A6ED0043F460 /* TestClientSDk */ = {
			isa = PBXGroup;
			children = (
				97380A992816A6ED0043F460 /* AppDelegate.swift */,
				97380A9B2816A6ED0043F460 /* SceneDelegate.swift */,
				97380A9D2816A6ED0043F460 /* ViewController.swift */,
				978065292816C31500149E4B /* CallViewController.swift */,
				9780652A2816C31500149E4B /* CallViewController.xib */,
				97380A9F2816A6ED0043F460 /* Main.storyboard */,
				97380AA22816A6EE0043F460 /* Assets.xcassets */,
				97380AA42816A6EE0043F460 /* LaunchScreen.storyboard */,
				97380AA72816A6EE0043F460 /* Info.plist */,
			);
			path = TestClientSDk;
			sourceTree = "<group>";
		};
		97380AAF2816A6EE0043F460 /* TestClientSDkTests */ = {
			isa = PBXGroup;
			children = (
				97380AB02816A6EE0043F460 /* TestClientSDkTests.swift */,
			);
			path = TestClientSDkTests;
			sourceTree = "<group>";
		};
		97380AB92816A6EE0043F460 /* TestClientSDkUITests */ = {
			isa = PBXGroup;
			children = (
				97380ABA2816A6EE0043F460 /* TestClientSDkUITests.swift */,
				97380ABC2816A6EE0043F460 /* TestClientSDkUITestsLaunchTests.swift */,
			);
			path = TestClientSDkUITests;
			sourceTree = "<group>";
		};
/* End PBXGroup section */

/* Begin PBXNativeTarget section */
		97380A952816A6ED0043F460 /* TestClientSDk */ = {
			isa = PBXNativeTarget;
			buildConfigurationList = 97380AC02816A6EE0043F460 /* Build configuration list for PBXNativeTarget "TestClientSDk" */;
			buildPhases = (
				04ACF3BBC49CD832653FEF6C /* [CP] Check Pods Manifest.lock */,
				97380A922816A6ED0043F460 /* Sources */,
				97380A932816A6ED0043F460 /* Frameworks */,
				97380A942816A6ED0043F460 /* Resources */,
				974838C0281CBE2E00CEB949 /* ShellScript */,
			);
			buildRules = (
			);
			dependencies = (
			);
			name = TestClientSDk;
			productName = TestClientSDk;
			productReference = 97380A962816A6ED0043F460 /* TestClientSDk.app */;
			productType = "com.apple.product-type.application";
		};
		97380AAB2816A6EE0043F460 /* TestClientSDkTests */ = {
			isa = PBXNativeTarget;
			buildConfigurationList = 97380AC32816A6EE0043F460 /* Build configuration list for PBXNativeTarget "TestClientSDkTests" */;
			buildPhases = (
				1A25EA4A56A69B1EF53368FA /* [CP] Check Pods Manifest.lock */,
				97380AA82816A6EE0043F460 /* Sources */,
				97380AA92816A6EE0043F460 /* Frameworks */,
				97380AAA2816A6EE0043F460 /* Resources */,
			);
			buildRules = (
			);
			dependencies = (
				97380AAE2816A6EE0043F460 /* PBXTargetDependency */,
			);
			name = TestClientSDkTests;
			productName = TestClientSDkTests;
			productReference = 97380AAC2816A6EE0043F460 /* TestClientSDkTests.xctest */;
			productType = "com.apple.product-type.bundle.unit-test";
		};
		97380AB52816A6EE0043F460 /* TestClientSDkUITests */ = {
			isa = PBXNativeTarget;
			buildConfigurationList = 97380AC62816A6EE0043F460 /* Build configuration list for PBXNativeTarget "TestClientSDkUITests" */;
			buildPhases = (
				0B6B357C430D50C9D41C498B /* [CP] Check Pods Manifest.lock */,
				97380AB22816A6EE0043F460 /* Sources */,
				97380AB32816A6EE0043F460 /* Frameworks */,
				97380AB42816A6EE0043F460 /* Resources */,
			);
			buildRules = (
			);
			dependencies = (
				97380AB82816A6EE0043F460 /* PBXTargetDependency */,
			);
			name = TestClientSDkUITests;
			productName = TestClientSDkUITests;
			productReference = 97380AB62816A6EE0043F460 /* TestClientSDkUITests.xctest */;
			productType = "com.apple.product-type.bundle.ui-testing";
		};
/* End PBXNativeTarget section */

/* Begin PBXProject section */
		97380A8E2816A6ED0043F460 /* Project object */ = {
			isa = PBXProject;
			attributes = {
				BuildIndependentTargetsInParallel = 1;
				LastSwiftUpdateCheck = 1330;
				LastUpgradeCheck = 1330;
				TargetAttributes = {
					97380A952816A6ED0043F460 = {
						CreatedOnToolsVersion = 13.3.1;
					};
					97380AAB2816A6EE0043F460 = {
						CreatedOnToolsVersion = 13.3.1;
						TestTargetID = 97380A952816A6ED0043F460;
					};
					97380AB52816A6EE0043F460 = {
						CreatedOnToolsVersion = 13.3.1;
						TestTargetID = 97380A952816A6ED0043F460;
					};
				};
			};
			buildConfigurationList = 97380A912816A6ED0043F460 /* Build configuration list for PBXProject "TestClientSDk" */;
			compatibilityVersion = "Xcode 13.0";
			developmentRegion = en;
			hasScannedForEncodings = 0;
			knownRegions = (
				en,
				Base,
			);
			mainGroup = 97380A8D2816A6ED0043F460;
			productRefGroup = 97380A972816A6ED0043F460 /* Products */;
			projectDirPath = "";
			projectRoot = "";
			targets = (
				97380A952816A6ED0043F460 /* TestClientSDk */,
				97380AAB2816A6EE0043F460 /* TestClientSDkTests */,
				97380AB52816A6EE0043F460 /* TestClientSDkUITests */,
			);
		};
/* End PBXProject section */

/* Begin PBXResourcesBuildPhase section */
		97380A942816A6ED0043F460 /* Resources */ = {
			isa = PBXResourcesBuildPhase;
			buildActionMask = 2147483647;
			files = (
				97380AA62816A6EE0043F460 /* LaunchScreen.storyboard in Resources */,
				97380AA32816A6EE0043F460 /* Assets.xcassets in Resources */,
				9780652C2816C31500149E4B /* CallViewController.xib in Resources */,
				97380AA12816A6ED0043F460 /* Main.storyboard in Resources */,
			);
			runOnlyForDeploymentPostprocessing = 0;
		};
		97380AAA2816A6EE0043F460 /* Resources */ = {
			isa = PBXResourcesBuildPhase;
			buildActionMask = 2147483647;
			files = (
			);
			runOnlyForDeploymentPostprocessing = 0;
		};
		97380AB42816A6EE0043F460 /* Resources */ = {
			isa = PBXResourcesBuildPhase;
			buildActionMask = 2147483647;
			files = (
			);
			runOnlyForDeploymentPostprocessing = 0;
		};
/* End PBXResourcesBuildPhase section */

/* Begin PBXShellScriptBuildPhase section */
		04ACF3BBC49CD832653FEF6C /* [CP] Check Pods Manifest.lock */ = {
			isa = PBXShellScriptBuildPhase;
			buildActionMask = 2147483647;
			files = (
			);
			inputFileListPaths = (
			);
			inputPaths = (
				"${PODS_PODFILE_DIR_PATH}/Podfile.lock",
				"${PODS_ROOT}/Manifest.lock",
			);
			name = "[CP] Check Pods Manifest.lock";
			outputFileListPaths = (
			);
			outputPaths = (
				"$(DERIVED_FILE_DIR)/Pods-TestClientSDk-checkManifestLockResult.txt",
			);
			runOnlyForDeploymentPostprocessing = 0;
			shellPath = /bin/sh;
			shellScript = "diff \"${PODS_PODFILE_DIR_PATH}/Podfile.lock\" \"${PODS_ROOT}/Manifest.lock\" > /dev/null\nif [ $? != 0 ] ; then\n    # print error to STDERR\n    echo \"error: The sandbox is not in sync with the Podfile.lock. Run 'pod install' or update your CocoaPods installation.\" >&2\n    exit 1\nfi\n# This output is used by Xcode 'outputs' to avoid re-running this script phase.\necho \"SUCCESS\" > \"${SCRIPT_OUTPUT_FILE_0}\"\n";
			showEnvVarsInLog = 0;
		};
		0B6B357C430D50C9D41C498B /* [CP] Check Pods Manifest.lock */ = {
			isa = PBXShellScriptBuildPhase;
			buildActionMask = 2147483647;
			files = (
			);
			inputFileListPaths = (
			);
			inputPaths = (
				"${PODS_PODFILE_DIR_PATH}/Podfile.lock",
				"${PODS_ROOT}/Manifest.lock",
			);
			name = "[CP] Check Pods Manifest.lock";
			outputFileListPaths = (
			);
			outputPaths = (
				"$(DERIVED_FILE_DIR)/Pods-TestClientSDk-TestClientSDkUITests-checkManifestLockResult.txt",
			);
			runOnlyForDeploymentPostprocessing = 0;
			shellPath = /bin/sh;
			shellScript = "diff \"${PODS_PODFILE_DIR_PATH}/Podfile.lock\" \"${PODS_ROOT}/Manifest.lock\" > /dev/null\nif [ $? != 0 ] ; then\n    # print error to STDERR\n    echo \"error: The sandbox is not in sync with the Podfile.lock. Run 'pod install' or update your CocoaPods installation.\" >&2\n    exit 1\nfi\n# This output is used by Xcode 'outputs' to avoid re-running this script phase.\necho \"SUCCESS\" > \"${SCRIPT_OUTPUT_FILE_0}\"\n";
			showEnvVarsInLog = 0;
		};
		1A25EA4A56A69B1EF53368FA /* [CP] Check Pods Manifest.lock */ = {
			isa = PBXShellScriptBuildPhase;
			buildActionMask = 2147483647;
			files = (
			);
			inputFileListPaths = (
			);
			inputPaths = (
				"${PODS_PODFILE_DIR_PATH}/Podfile.lock",
				"${PODS_ROOT}/Manifest.lock",
			);
			name = "[CP] Check Pods Manifest.lock";
			outputFileListPaths = (
			);
			outputPaths = (
				"$(DERIVED_FILE_DIR)/Pods-TestClientSDkTests-checkManifestLockResult.txt",
			);
			runOnlyForDeploymentPostprocessing = 0;
			shellPath = /bin/sh;
			shellScript = "diff \"${PODS_PODFILE_DIR_PATH}/Podfile.lock\" \"${PODS_ROOT}/Manifest.lock\" > /dev/null\nif [ $? != 0 ] ; then\n    # print error to STDERR\n    echo \"error: The sandbox is not in sync with the Podfile.lock. Run 'pod install' or update your CocoaPods installation.\" >&2\n    exit 1\nfi\n# This output is used by Xcode 'outputs' to avoid re-running this script phase.\necho \"SUCCESS\" > \"${SCRIPT_OUTPUT_FILE_0}\"\n";
			showEnvVarsInLog = 0;
		};
		974838C0281CBE2E00CEB949 /* ShellScript */ = {
			isa = PBXShellScriptBuildPhase;
			buildActionMask = 2147483647;
			files = (
			);
			inputFileListPaths = (
			);
			inputPaths = (
				"${SRCROOT}/conversation_inapp/index.js",
			);
			outputFileListPaths = (
			);
			outputPaths = (
			);
			runOnlyForDeploymentPostprocessing = 0;
			shellPath = /bin/sh;
			shellScript = "
";
		};
/* End PBXShellScriptBuildPhase section */

/* Begin PBXSourcesBuildPhase section */
		97380A922816A6ED0043F460 /* Sources */ = {
			isa = PBXSourcesBuildPhase;
			buildActionMask = 2147483647;
			files = (
				97380A9E2816A6ED0043F460 /* ViewController.swift in Sources */,
				97380A9A2816A6ED0043F460 /* AppDelegate.swift in Sources */,
				9780652B2816C31500149E4B /* CallViewController.swift in Sources */,
				97380A9C2816A6ED0043F460 /* SceneDelegate.swift in Sources */,
			);
			runOnlyForDeploymentPostprocessing = 0;
		};
		97380AA82816A6EE0043F460 /* Sources */ = {
			isa = PBXSourcesBuildPhase;
			buildActionMask = 2147483647;
			files = (
				97380AB12816A6EE0043F460 /* TestClientSDkTests.swift in Sources */,
			);
			runOnlyForDeploymentPostprocessing = 0;
		};
		97380AB22816A6EE0043F460 /* Sources */ = {
			isa = PBXSourcesBuildPhase;
			buildActionMask = 2147483647;
			files = (
				97380ABD2816A6EE0043F460 /* TestClientSDkUITestsLaunchTests.swift in Sources */,
				97380ABB2816A6EE0043F460 /* TestClientSDkUITests.swift in Sources */,
			);
			runOnlyForDeploymentPostprocessing = 0;
		};
/* End PBXSourcesBuildPhase section */

/* Begin PBXTargetDependency section */
		97380AAE2816A6EE0043F460 /* PBXTargetDependency */ = {
			isa = PBXTargetDependency;
			target = 97380A952816A6ED0043F460 /* TestClientSDk */;
			targetProxy = 97380AAD2816A6EE0043F460 /* PBXContainerItemProxy */;
		};
		97380AB82816A6EE0043F460 /* PBXTargetDependency */ = {
			isa = PBXTargetDependency;
			target = 97380A952816A6ED0043F460 /* TestClientSDk */;
			targetProxy = 97380AB72816A6EE0043F460 /* PBXContainerItemProxy */;
		};
/* End PBXTargetDependency section */

/* Begin PBXVariantGroup section */
		97380A9F2816A6ED0043F460 /* Main.storyboard */ = {
			isa = PBXVariantGroup;
			children = (
				97380AA02816A6ED0043F460 /* Base */,
			);
			name = Main.storyboard;
			sourceTree = "<group>";
		};
		97380AA42816A6EE0043F460 /* LaunchScreen.storyboard */ = {
			isa = PBXVariantGroup;
			children = (
				97380AA52816A6EE0043F460 /* Base */,
			);
			name = LaunchScreen.storyboard;
			sourceTree = "<group>";
		};
/* End PBXVariantGroup section */

/* Begin XCBuildConfiguration section */
		97380ABE2816A6EE0043F460 /* Debug */ = {
			isa = XCBuildConfiguration;
			buildSettings = {
				ALWAYS_SEARCH_USER_PATHS = NO;
				CLANG_ANALYZER_NONNULL = YES;
				CLANG_ANALYZER_NUMBER_OBJECT_CONVERSION = YES_AGGRESSIVE;
				CLANG_CXX_LANGUAGE_STANDARD = "gnu++17";
				CLANG_ENABLE_MODULES = YES;
				CLANG_ENABLE_OBJC_ARC = YES;
				CLANG_ENABLE_OBJC_WEAK = YES;
				CLANG_WARN_BLOCK_CAPTURE_AUTORELEASING = YES;
				CLANG_WARN_BOOL_CONVERSION = YES;
				CLANG_WARN_COMMA = YES;
				CLANG_WARN_CONSTANT_CONVERSION = YES;
				CLANG_WARN_DEPRECATED_OBJC_IMPLEMENTATIONS = YES;
				CLANG_WARN_DIRECT_OBJC_ISA_USAGE = YES_ERROR;
				CLANG_WARN_DOCUMENTATION_COMMENTS = YES;
				CLANG_WARN_EMPTY_BODY = YES;
				CLANG_WARN_ENUM_CONVERSION = YES;
				CLANG_WARN_INFINITE_RECURSION = YES;
				CLANG_WARN_INT_CONVERSION = YES;
				CLANG_WARN_NON_LITERAL_NULL_CONVERSION = YES;
				CLANG_WARN_OBJC_IMPLICIT_RETAIN_SELF = YES;
				CLANG_WARN_OBJC_LITERAL_CONVERSION = YES;
				CLANG_WARN_OBJC_ROOT_CLASS = YES_ERROR;
				CLANG_WARN_QUOTED_INCLUDE_IN_FRAMEWORK_HEADER = YES;
				CLANG_WARN_RANGE_LOOP_ANALYSIS = YES;
				CLANG_WARN_STRICT_PROTOTYPES = YES;
				CLANG_WARN_SUSPICIOUS_MOVE = YES;
				CLANG_WARN_UNGUARDED_AVAILABILITY = YES_AGGRESSIVE;
				CLANG_WARN_UNREACHABLE_CODE = YES;
				CLANG_WARN__DUPLICATE_METHOD_MATCH = YES;
				COPY_PHASE_STRIP = NO;
				DEBUG_INFORMATION_FORMAT = dwarf;
				ENABLE_STRICT_OBJC_MSGSEND = YES;
				ENABLE_TESTABILITY = YES;
				GCC_C_LANGUAGE_STANDARD = gnu11;
				GCC_DYNAMIC_NO_PIC = NO;
				GCC_NO_COMMON_BLOCKS = YES;
				GCC_OPTIMIZATION_LEVEL = 0;
				GCC_PREPROCESSOR_DEFINITIONS = (
					"DEBUG=1",
					"$(inherited)",
				);
				GCC_WARN_64_TO_32_BIT_CONVERSION = YES;
				GCC_WARN_ABOUT_RETURN_TYPE = YES_ERROR;
				GCC_WARN_UNDECLARED_SELECTOR = YES;
				GCC_WARN_UNINITIALIZED_AUTOS = YES_AGGRESSIVE;
				GCC_WARN_UNUSED_FUNCTION = YES;
				GCC_WARN_UNUSED_VARIABLE = YES;
				IPHONEOS_DEPLOYMENT_TARGET = 15.4;
				MTL_ENABLE_DEBUG_INFO = INCLUDE_SOURCE;
				MTL_FAST_MATH = YES;
				ONLY_ACTIVE_ARCH = YES;
				SDKROOT = iphoneos;
				SWIFT_ACTIVE_COMPILATION_CONDITIONS = DEBUG;
				SWIFT_OPTIMIZATION_LEVEL = "-Onone";
			};
			name = Debug;
		};
		97380ABF2816A6EE0043F460 /* Release */ = {
			isa = XCBuildConfiguration;
			buildSettings = {
				ALWAYS_SEARCH_USER_PATHS = NO;
				CLANG_ANALYZER_NONNULL = YES;
				CLANG_ANALYZER_NUMBER_OBJECT_CONVERSION = YES_AGGRESSIVE;
				CLANG_CXX_LANGUAGE_STANDARD = "gnu++17";
				CLANG_ENABLE_MODULES = YES;
				CLANG_ENABLE_OBJC_ARC = YES;
				CLANG_ENABLE_OBJC_WEAK = YES;
				CLANG_WARN_BLOCK_CAPTURE_AUTORELEASING = YES;
				CLANG_WARN_BOOL_CONVERSION = YES;
				CLANG_WARN_COMMA = YES;
				CLANG_WARN_CONSTANT_CONVERSION = YES;
				CLANG_WARN_DEPRECATED_OBJC_IMPLEMENTATIONS = YES;
				CLANG_WARN_DIRECT_OBJC_ISA_USAGE = YES_ERROR;
				CLANG_WARN_DOCUMENTATION_COMMENTS = YES;
				CLANG_WARN_EMPTY_BODY = YES;
				CLANG_WARN_ENUM_CONVERSION = YES;
				CLANG_WARN_INFINITE_RECURSION = YES;
				CLANG_WARN_INT_CONVERSION = YES;
				CLANG_WARN_NON_LITERAL_NULL_CONVERSION = YES;
				CLANG_WARN_OBJC_IMPLICIT_RETAIN_SELF = YES;
				CLANG_WARN_OBJC_LITERAL_CONVERSION = YES;
				CLANG_WARN_OBJC_ROOT_CLASS = YES_ERROR;
				CLANG_WARN_QUOTED_INCLUDE_IN_FRAMEWORK_HEADER = YES;
				CLANG_WARN_RANGE_LOOP_ANALYSIS = YES;
				CLANG_WARN_STRICT_PROTOTYPES = YES;
				CLANG_WARN_SUSPICIOUS_MOVE = YES;
				CLANG_WARN_UNGUARDED_AVAILABILITY = YES_AGGRESSIVE;
				CLANG_WARN_UNREACHABLE_CODE = YES;
				CLANG_WARN__DUPLICATE_METHOD_MATCH = YES;
				COPY_PHASE_STRIP = NO;
				DEBUG_INFORMATION_FORMAT = "dwarf-with-dsym";
				ENABLE_NS_ASSERTIONS = NO;
				ENABLE_STRICT_OBJC_MSGSEND = YES;
				GCC_C_LANGUAGE_STANDARD = gnu11;
				GCC_NO_COMMON_BLOCKS = YES;
				GCC_WARN_64_TO_32_BIT_CONVERSION = YES;
				GCC_WARN_ABOUT_RETURN_TYPE = YES_ERROR;
				GCC_WARN_UNDECLARED_SELECTOR = YES;
				GCC_WARN_UNINITIALIZED_AUTOS = YES_AGGRESSIVE;
				GCC_WARN_UNUSED_FUNCTION = YES;
				GCC_WARN_UNUSED_VARIABLE = YES;
				IPHONEOS_DEPLOYMENT_TARGET = 15.4;
				MTL_ENABLE_DEBUG_INFO = NO;
				MTL_FAST_MATH = YES;
				SDKROOT = iphoneos;
				SWIFT_COMPILATION_MODE = wholemodule;
				SWIFT_OPTIMIZATION_LEVEL = "-O";
				VALIDATE_PRODUCT = YES;
			};
			name = Release;
		};
		97380AC12816A6EE0043F460 /* Debug */ = {
			isa = XCBuildConfiguration;
			baseConfigurationReference = 77DEF66259CC87AB183E8F27 /* Pods-TestClientSDk.debug.xcconfig */;
			buildSettings = {
				ASSETCATALOG_COMPILER_APPICON_NAME = AppIcon;
				ASSETCATALOG_COMPILER_GLOBAL_ACCENT_COLOR_NAME = AccentColor;
				CODE_SIGN_STYLE = Automatic;
				CURRENT_PROJECT_VERSION = 1;
				DEVELOPMENT_TEAM = 3V7CDNJ5QQ;
				GENERATE_INFOPLIST_FILE = YES;
				INFOPLIST_FILE = TestClientSDk/Info.plist;
				INFOPLIST_KEY_NSCameraUsageDescription = "App wants to your camera for video calls";
				INFOPLIST_KEY_NSMicrophoneUsageDescription = "App wants to your camera for video and audo calls";
				INFOPLIST_KEY_UIApplicationSupportsIndirectInputEvents = YES;
				INFOPLIST_KEY_UILaunchStoryboardName = LaunchScreen;
				INFOPLIST_KEY_UIMainStoryboardFile = Main;
				INFOPLIST_KEY_UISupportedInterfaceOrientations_iPad = "UIInterfaceOrientationPortrait UIInterfaceOrientationPortraitUpsideDown UIInterfaceOrientationLandscapeLeft UIInterfaceOrientationLandscapeRight";
				INFOPLIST_KEY_UISupportedInterfaceOrientations_iPhone = "UIInterfaceOrientationPortrait UIInterfaceOrientationLandscapeLeft UIInterfaceOrientationLandscapeRight";
				LD_RUNPATH_SEARCH_PATHS = (
					"$(inherited)",
					"@executable_path/Frameworks",
				);
				MARKETING_VERSION = 1.0;
				PRODUCT_BUNDLE_IDENTIFIER = Vonage.TestClientSDk;
				PRODUCT_NAME = "$(TARGET_NAME)";
				SWIFT_EMIT_LOC_STRINGS = YES;
				SWIFT_VERSION = 5.0;
				TARGETED_DEVICE_FAMILY = "1,2";
			};
			name = Debug;
		};
		97380AC22816A6EE0043F460 /* Release */ = {
			isa = XCBuildConfiguration;
			baseConfigurationReference = 82366B68D45C1AE9007347CB /* Pods-TestClientSDk.release.xcconfig */;
			buildSettings = {
				ASSETCATALOG_COMPILER_APPICON_NAME = AppIcon;
				ASSETCATALOG_COMPILER_GLOBAL_ACCENT_COLOR_NAME = AccentColor;
				CODE_SIGN_STYLE = Automatic;
				CURRENT_PROJECT_VERSION = 1;
				DEVELOPMENT_TEAM = 3V7CDNJ5QQ;
				GENERATE_INFOPLIST_FILE = YES;
				INFOPLIST_FILE = TestClientSDk/Info.plist;
				INFOPLIST_KEY_NSCameraUsageDescription = "App wants to your camera for video calls";
				INFOPLIST_KEY_NSMicrophoneUsageDescription = "App wants to your camera for video and audo calls";
				INFOPLIST_KEY_UIApplicationSupportsIndirectInputEvents = YES;
				INFOPLIST_KEY_UILaunchStoryboardName = LaunchScreen;
				INFOPLIST_KEY_UIMainStoryboardFile = Main;
				INFOPLIST_KEY_UISupportedInterfaceOrientations_iPad = "UIInterfaceOrientationPortrait UIInterfaceOrientationPortraitUpsideDown UIInterfaceOrientationLandscapeLeft UIInterfaceOrientationLandscapeRight";
				INFOPLIST_KEY_UISupportedInterfaceOrientations_iPhone = "UIInterfaceOrientationPortrait UIInterfaceOrientationLandscapeLeft UIInterfaceOrientationLandscapeRight";
				LD_RUNPATH_SEARCH_PATHS = (
					"$(inherited)",
					"@executable_path/Frameworks",
				);
				MARKETING_VERSION = 1.0;
				PRODUCT_BUNDLE_IDENTIFIER = Vonage.TestClientSDk;
				PRODUCT_NAME = "$(TARGET_NAME)";
				SWIFT_EMIT_LOC_STRINGS = YES;
				SWIFT_VERSION = 5.0;
				TARGETED_DEVICE_FAMILY = "1,2";
			};
			name = Release;
		};
		97380AC42816A6EE0043F460 /* Debug */ = {
			isa = XCBuildConfiguration;
			baseConfigurationReference = E1119398D0A55565BD961809 /* Pods-TestClientSDkTests.debug.xcconfig */;
			buildSettings = {
				ALWAYS_EMBED_SWIFT_STANDARD_LIBRARIES = YES;
				BUNDLE_LOADER = "$(TEST_HOST)";
				CODE_SIGN_STYLE = Automatic;
				CURRENT_PROJECT_VERSION = 1;
				DEVELOPMENT_TEAM = 3V7CDNJ5QQ;
				GENERATE_INFOPLIST_FILE = YES;
				IPHONEOS_DEPLOYMENT_TARGET = 15.4;
				MARKETING_VERSION = 1.0;
				PRODUCT_BUNDLE_IDENTIFIER = Vonage.TestClientSDkTests;
				PRODUCT_NAME = "$(TARGET_NAME)";
				SWIFT_EMIT_LOC_STRINGS = NO;
				SWIFT_VERSION = 5.0;
				TARGETED_DEVICE_FAMILY = "1,2";
				TEST_HOST = "$(BUILT_PRODUCTS_DIR)/TestClientSDk.app/TestClientSDk";
			};
			name = Debug;
		};
		97380AC52816A6EE0043F460 /* Release */ = {
			isa = XCBuildConfiguration;
			baseConfigurationReference = 762E9DB0C0B3C7C5D860F9F1 /* Pods-TestClientSDkTests.release.xcconfig */;
			buildSettings = {
				ALWAYS_EMBED_SWIFT_STANDARD_LIBRARIES = YES;
				BUNDLE_LOADER = "$(TEST_HOST)";
				CODE_SIGN_STYLE = Automatic;
				CURRENT_PROJECT_VERSION = 1;
				DEVELOPMENT_TEAM = 3V7CDNJ5QQ;
				GENERATE_INFOPLIST_FILE = YES;
				IPHONEOS_DEPLOYMENT_TARGET = 15.4;
				MARKETING_VERSION = 1.0;
				PRODUCT_BUNDLE_IDENTIFIER = Vonage.TestClientSDkTests;
				PRODUCT_NAME = "$(TARGET_NAME)";
				SWIFT_EMIT_LOC_STRINGS = NO;
				SWIFT_VERSION = 5.0;
				TARGETED_DEVICE_FAMILY = "1,2";
				TEST_HOST = "$(BUILT_PRODUCTS_DIR)/TestClientSDk.app/TestClientSDk";
			};
			name = Release;
		};
		97380AC72816A6EE0043F460 /* Debug */ = {
			isa = XCBuildConfiguration;
			baseConfigurationReference = 7B39583A44A15C8791587F01 /* Pods-TestClientSDk-TestClientSDkUITests.debug.xcconfig */;
			buildSettings = {
				ALWAYS_EMBED_SWIFT_STANDARD_LIBRARIES = YES;
				CODE_SIGN_STYLE = Automatic;
				CURRENT_PROJECT_VERSION = 1;
				DEVELOPMENT_TEAM = 3V7CDNJ5QQ;
				GENERATE_INFOPLIST_FILE = YES;
				MARKETING_VERSION = 1.0;
				PRODUCT_BUNDLE_IDENTIFIER = Vonage.TestClientSDkUITests;
				PRODUCT_NAME = "$(TARGET_NAME)";
				SWIFT_EMIT_LOC_STRINGS = NO;
				SWIFT_VERSION = 5.0;
				TARGETED_DEVICE_FAMILY = "1,2";
				TEST_TARGET_NAME = TestClientSDk;
			};
			name = Debug;
		};
		97380AC82816A6EE0043F460 /* Release */ = {
			isa = XCBuildConfiguration;
			baseConfigurationReference = 2D40FB94170CDE525F2559C6 /* Pods-TestClientSDk-TestClientSDkUITests.release.xcconfig */;
			buildSettings = {
				ALWAYS_EMBED_SWIFT_STANDARD_LIBRARIES = YES;
				CODE_SIGN_STYLE = Automatic;
				CURRENT_PROJECT_VERSION = 1;
				DEVELOPMENT_TEAM = 3V7CDNJ5QQ;
				GENERATE_INFOPLIST_FILE = YES;
				MARKETING_VERSION = 1.0;
				PRODUCT_BUNDLE_IDENTIFIER = Vonage.TestClientSDkUITests;
				PRODUCT_NAME = "$(TARGET_NAME)";
				SWIFT_EMIT_LOC_STRINGS = NO;
				SWIFT_VERSION = 5.0;
				TARGETED_DEVICE_FAMILY = "1,2";
				TEST_TARGET_NAME = TestClientSDk;
			};
			name = Release;
		};
/* End XCBuildConfiguration section */

/* Begin XCConfigurationList section */
		97380A912816A6ED0043F460 /* Build configuration list for PBXProject "TestClientSDk" */ = {
			isa = XCConfigurationList;
			buildConfigurations = (
				97380ABE2816A6EE0043F460 /* Debug */,
				97380ABF2816A6EE0043F460 /* Release */,
			);
			defaultConfigurationIsVisible = 0;
			defaultConfigurationName = Release;
		};
		97380AC02816A6EE0043F460 /* Build configuration list for PBXNativeTarget "TestClientSDk" */ = {
			isa = XCConfigurationList;
			buildConfigurations = (
				97380AC12816A6EE0043F460 /* Debug */,
				97380AC22816A6EE0043F460 /* Release */,
			);
			defaultConfigurationIsVisible = 0;
			defaultConfigurationName = Release;
		};
		97380AC32816A6EE0043F460 /* Build configuration list for PBXNativeTarget "TestClientSDkTests" */ = {
			isa = XCConfigurationList;
			buildConfigurations = (
				97380AC42816A6EE0043F460 /* Debug */,
				97380AC52816A6EE0043F460 /* Release */,
			);
			defaultConfigurationIsVisible = 0;
			defaultConfigurationName = Release;
		};
		97380AC62816A6EE0043F460 /* Build configuration list for PBXNativeTarget "TestClientSDkUITests" */ = {
			isa = XCConfigurationList;
			buildConfigurations = (
				97380AC72816A6EE0043F460 /* Debug */,
				97380AC82816A6EE0043F460 /* Release */,
			);
			defaultConfigurationIsVisible = 0;
			defaultConfigurationName = Release;
		};
/* End XCConfigurationList section */
	};
	rootObject = 97380A8E2816A6ED0043F460 /* Project object */;
}
